{
  "version": 4,
  "terraform_version": "1.1.9",
  "serial": 119,
  "lineage": "3e4c8786-4013-0d83-63d8-ff82b38ac795",
  "outputs": {},
  "resources": [
    {
      "mode": "data",
      "type": "aws_eks_cluster",
      "name": "selected",
      "provider": "provider[\"registry.terraform.io/hashicorp/aws\"]",
      "instances": [
        {
          "schema_version": 0,
          "attributes": {
            "arn": "arn:aws:eks:us-west-2:610348412835:cluster/portal-dev01-eks-cluster01",
            "certificate_authority": [
              {
                "data": "LS0tLS1CRUdJTiBDRVJUSUZJQ0FURS0tLS0tCk1JSUM1ekNDQWMrZ0F3SUJBZ0lCQURBTkJna3Foa2lHOXcwQkFRc0ZBREFWTVJNd0VRWURWUVFERXdwcmRXSmwKY201bGRHVnpNQjRYRFRJeU1EUXlOVEV4TlRFMU5sb1hEVE15TURReU1qRXhOVEUxTmxvd0ZURVRNQkVHQTFVRQpBeE1LYTNWaVpYSnVaWFJsY3pDQ0FTSXdEUVlKS29aSWh2Y05BUUVCQlFBRGdnRVBBRENDQVFvQ2dnRUJBSmVnClhnbUhyK0UyWllwT005ZlJYM0N0aFVHRWpJSUI3c0RPTEg2OGROQzc1dEVtNlpjTVQ2RWFzTzhEbmEzdDFlMHcKQVhKQWM1L2hOb3pybURmSVFJNlZtdGJ4RWJ4VkM2Rlc2NmdkRGc5eHlzWUJyWlBHM1hEaTlsTEhlMGU0alJnZwo2UU9aZGhSaytnSTdFVEVHaVBqTG5kSGtKejhnRW96SzlrMzRDK2tOYmtMTHFtYklSM09oNE5HRjdiQ2dmYXk0CjFjbHE0NEwzS1lSSHpKT293TE5TM2xXaWVwT2I5amtBVFk2ZGM1bG9namVOQjJvTGhiS0JOeFBJVFNoQmhmRGEKdkZtd09XSUhvRzFocnRYZFVFc0hTa0pTK05lc1A0UjF4LzZkdmllcWVPUkNVZ2UwSFhjZkNic0VoNkJ4TlFrZAp5Y3FuNCs4TWRMZDFMRlRFU0dVQ0F3RUFBYU5DTUVBd0RnWURWUjBQQVFIL0JBUURBZ0trTUE4R0ExVWRFd0VCCi93UUZNQU1CQWY4d0hRWURWUjBPQkJZRUZGQkpkeTRkdXVxZFJJbEpuMm1pdlYrcUpxRlNNQTBHQ1NxR1NJYjMKRFFFQkN3VUFBNElCQVFBbHMrOWtLMklyYS9pSmxsbmZFV1IvRVVtZGl2R0VkS3oxaFZiSGMvVDd4NW5MbVNGQwpZeDdEY2JPKzlUaGpIaVVCdXAra3lLSjI2UTI3eklIcVZQUHlYWS9lZ0MyWmhuSjkrd2xYbVJ0ZFJHSk1ub2pLCjVld0JYd21NTEQvTWl3OXBqUUtiWUpyWEl5RDRFOWM3c1NkbHRiTDM4Y01vbHV3K1pncE1hTFZjRk9VaWJ1TFAKMkFJdDdlMEg2V3ZBVzVRanRTbzJQRmZlSU5YbUN6UzlsR0RZdUliMVlobyszUDNZbmgvTmZwUTJnK1EvSU5xRwozL2haN0xDOS9EcDA3WVVjUVBPVHpRSTdiRk9HYVByRWEybVp4SVFjR09wTmp5OXdyNzhUYmFWRUxDOHQ3Ym5nCkJQRlliR29RNWVXY1JmYi9pQkRqdlI3Z2JCYVJuUTZmaW5EbAotLS0tLUVORCBDRVJUSUZJQ0FURS0tLS0tCg=="
              }
            ],
            "created_at": "2022-04-25 11:46:14.725 +0000 UTC",
            "enabled_cluster_log_types": [],
            "endpoint": "https://B0233871F5B5C54F8F600166510D55FF.sk1.us-west-2.eks.amazonaws.com",
            "id": "portal-dev01-eks-cluster01",
            "identity": [
              {
                "oidc": [
                  {
                    "issuer": "https://oidc.eks.us-west-2.amazonaws.com/id/B0233871F5B5C54F8F600166510D55FF"
                  }
                ]
              }
            ],
            "kubernetes_network_config": [
              {
                "ip_family": "ipv4",
                "service_ipv4_cidr": "172.20.0.0/16"
              }
            ],
            "name": "portal-dev01-eks-cluster01",
            "platform_version": "eks.9",
            "role_arn": "arn:aws:iam::610348412835:role/portal-dev01-eks-cluster0120220425114557193200000001",
            "status": "ACTIVE",
            "tags": {},
            "version": "1.19",
            "vpc_config": [
              {
                "cluster_security_group_id": "sg-0e3bb6449b286ebe9",
                "endpoint_private_access": true,
                "endpoint_public_access": true,
                "public_access_cidrs": [
                  "0.0.0.0/0"
                ],
                "security_group_ids": [
                  "sg-0ccf47a29f3984825"
                ],
                "subnet_ids": [
                  "subnet-05fac0237e3bc4cea",
                  "subnet-0b55e3cfe179d237a",
                  "subnet-0f110c5de38deffb5"
                ],
                "vpc_id": "vpc-0c5b4c6f65c8f1caa"
              }
            ]
          },
          "sensitive_attributes": []
        }
      ]
    },
    {
      "mode": "data",
      "type": "aws_subnets",
      "name": "defaults",
      "provider": "provider[\"registry.terraform.io/hashicorp/aws\"]",
      "instances": [
        {
          "schema_version": 0,
          "attributes": {
            "filter": [
              {
                "name": "tag:Name",
                "values": [
                  "vpc-eks-test-private-*"
                ]
              }
            ],
            "id": "us-west-2",
            "ids": [
              "subnet-05985086e264a6f41",
              "subnet-0fe77055a7616e7b6",
              "subnet-0da091e4f75fd2d5e"
            ],
            "tags": null
          },
          "sensitive_attributes": []
        }
      ]
    },
    {
      "mode": "data",
      "type": "aws_vpc",
      "name": "selected",
      "provider": "provider[\"registry.terraform.io/hashicorp/aws\"]",
      "instances": [
        {
          "schema_version": 0,
          "attributes": {
            "arn": "arn:aws:ec2:us-west-2:610348412835:vpc/vpc-0d77a6bf5769c4ff2",
            "cidr_block": "172.20.64.0/18",
            "cidr_block_associations": [
              {
                "association_id": "vpc-cidr-assoc-09020dee22bd86dba",
                "cidr_block": "172.20.64.0/18",
                "state": "associated"
              }
            ],
            "default": false,
            "dhcp_options_id": "dopt-0c8c42be7df22a8cb",
            "enable_dns_hostnames": true,
            "enable_dns_support": true,
            "filter": null,
            "id": "vpc-0d77a6bf5769c4ff2",
            "instance_tenancy": "default",
            "ipv6_association_id": "",
            "ipv6_cidr_block": "",
            "main_route_table_id": "rtb-02da00f84f3f2b61d",
            "owner_id": "610348412835",
            "state": null,
            "tags": {
              "Name": "vpc-eks-test"
            }
          },
          "sensitive_attributes": []
        }
      ]
    },
    {
      "mode": "managed",
      "type": "aws_db_subnet_group",
      "name": "default",
      "provider": "provider[\"registry.terraform.io/hashicorp/aws\"]",
      "instances": [
        {
          "schema_version": 0,
          "attributes": {
            "arn": "arn:aws:rds:us-west-2:610348412835:subgrp:main-sg",
            "description": "Managed by Terraform",
            "id": "main-sg",
            "name": "main-sg",
            "name_prefix": null,
            "subnet_ids": [
              "subnet-05985086e264a6f41",
              "subnet-0da091e4f75fd2d5e",
              "subnet-0fe77055a7616e7b6"
            ],
            "tags": {
              "Name": "test-alb"
            },
            "tags_all": {
              "Name": "test-alb"
            }
          },
          "sensitive_attributes": [],
          "private": "bnVsbA==",
          "dependencies": [
            "data.aws_subnets.defaults"
          ]
        }
      ]
    },
    {
      "mode": "managed",
      "type": "aws_lb_target_group",
      "name": "tcw_tg",
      "provider": "provider[\"registry.terraform.io/hashicorp/aws\"]",
      "instances": [
        {
          "schema_version": 0,
          "attributes": {
            "arn": "arn:aws:elasticloadbalancing:us-west-2:610348412835:targetgroup/test-TG/e600eb929c6903f7",
            "arn_suffix": "targetgroup/test-TG/e600eb929c6903f7",
            "connection_termination": false,
            "deregistration_delay": "300",
            "health_check": [
              {
                "enabled": true,
                "healthy_threshold": 5,
                "interval": 30,
                "matcher": "200",
                "path": "/",
                "port": "traffic-port",
                "protocol": "HTTP",
                "timeout": 5,
                "unhealthy_threshold": 2
              }
            ],
            "id": "arn:aws:elasticloadbalancing:us-west-2:610348412835:targetgroup/test-TG/e600eb929c6903f7",
            "lambda_multi_value_headers_enabled": false,
            "load_balancing_algorithm_type": "round_robin",
            "name": "test-TG",
            "name_prefix": null,
            "port": 80,
            "preserve_client_ip": null,
            "protocol": "HTTP",
            "protocol_version": "HTTP1",
            "proxy_protocol_v2": false,
            "slow_start": 0,
            "stickiness": [
              {
                "cookie_duration": 86400,
                "cookie_name": "",
                "enabled": false,
                "type": "lb_cookie"
              }
            ],
            "tags": null,
            "tags_all": {},
            "target_type": "instance",
            "vpc_id": "vpc-0d77a6bf5769c4ff2"
          },
          "sensitive_attributes": [],
          "private": "bnVsbA==",
          "dependencies": [
            "data.aws_vpc.selected"
          ]
        }
      ]
    },
    {
      "mode": "managed",
      "type": "aws_security_group",
      "name": "alb-sg",
      "provider": "provider[\"registry.terraform.io/hashicorp/aws\"]",
      "instances": [
        {
          "schema_version": 1,
          "attributes": {
            "arn": "arn:aws:ec2:us-west-2:610348412835:security-group/sg-0a0d05b57c4f45d1c",
            "description": "Allow alb inbound traffic",
            "egress": [],
            "id": "sg-0a0d05b57c4f45d1c",
            "ingress": [
              {
                "cidr_blocks": [
                  "10.4.0.0/16",
                  "172.20.0.0/16"
                ],
                "description": "",
                "from_port": 80,
                "ipv6_cidr_blocks": [],
                "prefix_list_ids": [],
                "protocol": "tcp",
                "security_groups": [],
                "self": false,
                "to_port": 81
              }
            ],
            "name": "terraform-alb_sg-test-alb",
            "name_prefix": "",
            "owner_id": "610348412835",
            "revoke_rules_on_delete": false,
            "tags": null,
            "tags_all": {},
            "timeouts": null,
            "vpc_id": "vpc-0d77a6bf5769c4ff2"
          },
          "sensitive_attributes": [],
          "private": "eyJlMmJmYjczMC1lY2FhLTExZTYtOGY4OC0zNDM2M2JjN2M0YzAiOnsiY3JlYXRlIjo2MDAwMDAwMDAwMDAsImRlbGV0ZSI6OTAwMDAwMDAwMDAwfSwic2NoZW1hX3ZlcnNpb24iOiIxIn0=",
          "dependencies": [
            "data.aws_eks_cluster.selected",
            "data.aws_vpc.selected"
          ]
        }
      ]
    },
    {
      "module": "module.alb",
      "mode": "managed",
      "type": "aws_lb",
      "name": "this",
      "provider": "provider[\"registry.terraform.io/hashicorp/aws\"]",
      "instances": [
        {
          "index_key": 0,
          "schema_version": 0,
          "attributes": {
            "access_logs": [
              {
                "bucket": "",
                "enabled": false,
                "prefix": ""
              }
            ],
            "arn": "arn:aws:elasticloadbalancing:us-west-2:610348412835:loadbalancer/app/test-alb/d4421e6d96770cb4",
            "arn_suffix": "app/test-alb/d4421e6d96770cb4",
            "customer_owned_ipv4_pool": "",
            "desync_mitigation_mode": "defensive",
            "dns_name": "test-alb-562361423.us-west-2.elb.amazonaws.com",
            "drop_invalid_header_fields": false,
            "enable_cross_zone_load_balancing": null,
            "enable_deletion_protection": false,
            "enable_http2": true,
            "enable_waf_fail_open": false,
            "id": "arn:aws:elasticloadbalancing:us-west-2:610348412835:loadbalancer/app/test-alb/d4421e6d96770cb4",
            "idle_timeout": 60,
            "internal": false,
            "ip_address_type": "ipv4",
            "load_balancer_type": "application",
            "name": "test-alb",
            "name_prefix": null,
            "security_groups": [
              "sg-0a0d05b57c4f45d1c"
            ],
            "subnet_mapping": [
              {
                "allocation_id": "",
                "ipv6_address": "",
                "outpost_id": "",
                "private_ipv4_address": "",
                "subnet_id": "subnet-05985086e264a6f41"
              },
              {
                "allocation_id": "",
                "ipv6_address": "",
                "outpost_id": "",
                "private_ipv4_address": "",
                "subnet_id": "subnet-0da091e4f75fd2d5e"
              },
              {
                "allocation_id": "",
                "ipv6_address": "",
                "outpost_id": "",
                "private_ipv4_address": "",
                "subnet_id": "subnet-0fe77055a7616e7b6"
              }
            ],
            "subnets": [
              "subnet-05985086e264a6f41",
              "subnet-0da091e4f75fd2d5e",
              "subnet-0fe77055a7616e7b6"
            ],
            "tags": {
              "Name": "test-alb"
            },
            "tags_all": {
              "Name": "test-alb"
            },
            "timeouts": {
              "create": "10m",
              "delete": "10m",
              "update": "10m"
            },
            "vpc_id": "vpc-0d77a6bf5769c4ff2",
            "zone_id": "Z1H1FL5HABSF5"
          },
          "sensitive_attributes": [],
          "private": "eyJlMmJmYjczMC1lY2FhLTExZTYtOGY4OC0zNDM2M2JjN2M0YzAiOnsiY3JlYXRlIjo2MDAwMDAwMDAwMDAsImRlbGV0ZSI6NjAwMDAwMDAwMDAwLCJ1cGRhdGUiOjYwMDAwMDAwMDAwMH19",
          "dependencies": [
            "aws_security_group.alb-sg",
            "data.aws_eks_cluster.selected",
            "data.aws_subnets.defaults",
            "data.aws_vpc.selected"
          ]
        }
      ]
    }
  ]
}
